
Microsoft Visual Studio Solution File, Format Version 12.00
# Visual Studio Version 17
VisualStudioVersion = 17.8.34525.116
MinimumVisualStudioVersion = 10.0.40219.1
Project("{8BC9CEB8-8B4A-11D0-8D11-00A0C91BC942}") = "CS303Assignment3", "CS303Assignment3.vcxproj", "{875B448C-6190-482A-992A-708FBCCE9C45}"
EndProject
Global
	GlobalSection(SolutionConfigurationPlatforms) = preSolution
		Debug|x64 = Debug|x64
		Debug|x86 = Debug|x86
		Release|x64 = Release|x64
		Release|x86 = Release|x86
	EndGlobalSection
	GlobalSection(ProjectConfigurationPlatforms) = postSolution
		{875B448C-6190-482A-992A-708FBCCE9C45}.Debug|x64.ActiveCfg = Debug|x64
		{875B448C-6190-482A-992A-708FBCCE9C45}.Debug|x64.Build.0 = Debug|x64
		{875B448C-6190-482A-992A-708FBCCE9C45}.Debug|x86.ActiveCfg = Debug|Win32
		{875B448C-6190-482A-992A-708FBCCE9C45}.Debug|x86.Build.0 = Debug|Win32
		{875B448C-6190-482A-992A-708FBCCE9C45}.Release|x64.ActiveCfg = Release|x64
		{875B448C-6190-482A-992A-708FBCCE9C45}.Release|x64.Build.0 = Release|x64
		{875B448C-6190-482A-992A-708FBCCE9C45}.Release|x86.ActiveCfg = Release|Win32
		{875B448C-6190-482A-992A-708FBCCE9C45}.Release|x86.Build.0 = Release|Win32
	EndGlobalSection
	GlobalSection(SolutionProperties) = preSolution
		HideSolutionNode = FALSE
	EndGlobalSection
	GlobalSection(ExtensibilityGlobals) = postSolution
		SolutionGuid = {4D8E5E69-1380-4C4F-8E7D-0D7B36DB0EF9}
	EndGlobalSection
EndGlobal
